Microsoft Visual Studio Solution File, Format Version 12.00
# Visual Studio 15
VisualStudioVersion = 15.0.26730.16
MinimumVisualStudioVersion = 10.0.40219.1
Project("{2150E333-8FDC-42A3-9474-1A3956D46DE8}") = "1. Infrastructure", "1. Infrastructure", "{84F3857F-CE2C-4A87-ACB2-809570092CF6}"
EndProject
Project("{2150E333-8FDC-42A3-9474-1A3956D46DE8}") = "2. Repositories", "2. Repositories", "{5AD188EF-3F19-4527-816C-A361746EE9C2}"
EndProject
Project("{2150E333-8FDC-42A3-9474-1A3956D46DE8}") = "3. Hosts", "3. Hosts", "{A1366CA2-DF4A-4E38-BD6C-895A399118B4}"
EndProject
Project("{2150E333-8FDC-42A3-9474-1A3956D46DE8}") = "4. Tests", "4. Tests", "{F9EA3679-8D3F-4DC2-B0A9-08801E02EE70}"
EndProject
Project("{2150E333-8FDC-42A3-9474-1A3956D46DE8}") = "Solution items", "Solution items", "{805BE832-6AA9-4026-8131-309A1C5B570C}"
	ProjectSection(SolutionItems) = preProject
		.gitignore = .gitignore
	EndProjectSection
EndProject
Project("{9A19103F-16F7-4668-BE54-9A1E7A4F7556}") = "MarginTrading.Common", "src\MarginTrading.Common\MarginTrading.Common.csproj", "{28D8D798-8EF9-48BC-9F10-6E7823343CC9}"
EndProject
Project("{9A19103F-16F7-4668-BE54-9A1E7A4F7556}") = "MarginTrading.Frontend", "src\MarginTrading.Frontend\MarginTrading.Frontend.csproj", "{23988B46-8A81-4324-B1F8-0FD2F5EFDD24}"
EndProject
Project("{9A19103F-16F7-4668-BE54-9A1E7A4F7556}") = "MarginTrading.Backend", "src\MarginTrading.Backend\MarginTrading.Backend.csproj", "{E6A712C9-78F1-4573-B3A4-318FA4A6BA0D}"
EndProject
Project("{9A19103F-16F7-4668-BE54-9A1E7A4F7556}") = "MarginTrading.Backend.Services", "src\MarginTrading.Backend.Services\MarginTrading.Backend.Services.csproj", "{5030E6AA-4DDE-41EC-AE8A-609C2D7D5D37}"
EndProject
Project("{9A19103F-16F7-4668-BE54-9A1E7A4F7556}") = "MarginTradingTests", "tests\MarginTradingTests\MarginTradingTests.csproj", "{AFC440C0-68F0-447F-9C04-7614E6323B22}"
EndProject
Project("{9A19103F-16F7-4668-BE54-9A1E7A4F7556}") = "MarginTrading.Backend.Core", "src\MarginTrading.Backend.Core\MarginTrading.Backend.Core.csproj", "{A3E8A724-1ACD-4C92-AC1E-91D4AFFD17FE}"
EndProject
Project("{9A19103F-16F7-4668-BE54-9A1E7A4F7556}") = "MarginTrading.AzureRepositories", "src\MarginTrading.AzureRepositories\MarginTrading.AzureRepositories.csproj", "{C78B5B26-4078-47FE-BCD1-CF6F9886A4FC}"
EndProject
Project("{2150E333-8FDC-42A3-9474-1A3956D46DE8}") = "5. Wamp test client", "5. Wamp test client", "{18A6F48C-BAC6-4D92-A9AD-764E4F8BEB82}"
EndProject
Project("{9A19103F-16F7-4668-BE54-9A1E7A4F7556}") = "MarginTrading.Client", "src\MarginTrading.Client\MarginTrading.Client.csproj", "{47A3C5B2-289D-41B9-8B73-F2C5995227A9}"
EndProject
Project("{2150E333-8FDC-42A3-9474-1A3956D46DE8}") = "6. Brokers", "6. Brokers", "{E74A349A-3D48-4345-80E7-FD4C462864F0}"
EndProject
Project("{9A19103F-16F7-4668-BE54-9A1E7A4F7556}") = "MarginTrading.AccountHistoryBroker", "src\MarginTrading.Brokers\MarginTrading.AccountHistoryBroker\MarginTrading.AccountHistoryBroker.csproj", "{08FFD2CD-50C4-4B84-BA9E-27667677E20C}"
EndProject
Project("{9A19103F-16F7-4668-BE54-9A1E7A4F7556}") = "MarginTrading.OrderHistoryBroker", "src\MarginTrading.Brokers\MarginTrading.OrderHistoryBroker\MarginTrading.OrderHistoryBroker.csproj", "{02819188-B172-400E-9DBA-9A7E5C4F6266}"
EndProject
Project("{9A19103F-16F7-4668-BE54-9A1E7A4F7556}") = "MarginTrading.OrderRejectedBroker", "src\MarginTrading.Brokers\MarginTrading.OrderRejectedBroker\MarginTrading.OrderRejectedBroker.csproj", "{BE0E8F09-2A68-426E-B457-5AA929CD998F}"
EndProject
Project("{9A19103F-16F7-4668-BE54-9A1E7A4F7556}") = "MarginTrading.BrokerBase", "src\MarginTrading.Brokers\MarginTrading.BrokerBase\MarginTrading.BrokerBase.csproj", "{6B4B176C-58E3-4C66-96E2-91330192F238}"
EndProject
Project("{9A19103F-16F7-4668-BE54-9A1E7A4F7556}") = "MarginTrading.AccountMarginEventsBroker", "src\MarginTrading.Brokers\MarginTrading.AccountMarginEventsBroker\MarginTrading.AccountMarginEventsBroker.csproj", "{2228A223-02B8-472C-98BC-8F71E8F0F604}"
EndProject
Project("{9A19103F-16F7-4668-BE54-9A1E7A4F7556}") = "MarginTrading.DataReader", "src\MarginTrading.DataReader\MarginTrading.DataReader.csproj", "{88F0B500-1119-4292-A721-15B13BB1A4BA}"
EndProject
Project("{FAE04EC0-301F-11D3-BF4B-00C04F79EFBC}") = "MarginTrading.Contract", "src\MarginTrading.Contract\MarginTrading.Contract.csproj", "{08346EF4-8525-4CE0-93C4-CCE510D27D88}"
EndProject
Project("{FAE04EC0-301F-11D3-BF4B-00C04F79EFBC}") = "MarginTrading.Backend.Core.Mappers", "src\MarginTrading.Backend.Core.Mappers\MarginTrading.Backend.Core.Mappers.csproj", "{41948BD6-0CD9-4A2B-BAA3-02AD065AD52B}"
EndProject
Project("{FAE04EC0-301F-11D3-BF4B-00C04F79EFBC}") = "MarginTrading.AccountReportsBroker", "src\MarginTrading.Brokers\MarginTrading.AccountReportsBroker\MarginTrading.AccountReportsBroker.csproj", "{9595DED9-58C9-4732-87B1-891AFC2282B1}"
EndProject
Project("{FAE04EC0-301F-11D3-BF4B-00C04F79EFBC}") = "MarginTrading.Frontend.Tests", "tests\MarginTrading.Frontend.Tests\MarginTrading.Frontend.Tests.csproj", "{FE2B7AD8-4085-410A-8855-75F9FC650EFB}"
EndProject
Project("{FAE04EC0-301F-11D3-BF4B-00C04F79EFBC}") = "MarginTrading.Backend.Contracts", "src\MarginTrading.Backend.Contracts\MarginTrading.Backend.Contracts.csproj", "{5EC22A63-BA3F-41A2-A70F-216B7E809390}"
EndProject
Project("{2150E333-8FDC-42A3-9474-1A3956D46DE8}") = "3. Backend", "3. Backend", "{1EA2FA6D-0FEA-47D9-B8CE-EF31A1C54DCD}"
EndProject
Project("{FAE04EC0-301F-11D3-BF4B-00C04F79EFBC}") = "MarginTrading.Backend.TestClient", "src\MarginTrading.Backend.TestClient\MarginTrading.Backend.TestClient.csproj", "{ADD09EC0-CED6-4C52-95B5-57101E0EA633}"
EndProject
Project("{FAE04EC0-301F-11D3-BF4B-00C04F79EFBC}") = "MarginTrading.ExternalOrderBroker", "src\MarginTrading.Brokers\MarginTrading.ExternalOrderBroker\MarginTrading.ExternalOrderBroker.csproj", "{AE4DA150-F395-4E80-B1A2-2D0D4FDB89D8}"
EndProject
Project("{FAE04EC0-301F-11D3-BF4B-00C04F79EFBC}") = "MarginTrading.OrderbookBestPricesBroker", "src\MarginTrading.Brokers\MarginTrading.OrderbookBestPricesBroker\MarginTrading.OrderbookBestPricesBroker.csproj", "{B9DD492A-58CC-4716-879F-725AE2218AB7}"
EndProject
Project("{FAE04EC0-301F-11D3-BF4B-00C04F79EFBC}") = "MarginTrading.MigrateApp", "src\MarginTrading.Brokers\MarginTrading.MigrateApp\MarginTrading.MigrateApp.csproj", "{921B4212-E0C8-4422-A689-A19095BD5CDC}"
EndProject
Global
	GlobalSection(SolutionConfigurationPlatforms) = preSolution
		Debug|Any CPU = Debug|Any CPU
		Release|Any CPU = Release|Any CPU
	EndGlobalSection
	GlobalSection(ProjectConfigurationPlatforms) = postSolution
		{28D8D798-8EF9-48BC-9F10-6E7823343CC9}.Debug|Any CPU.ActiveCfg = Debug|Any CPU
		{28D8D798-8EF9-48BC-9F10-6E7823343CC9}.Debug|Any CPU.Build.0 = Debug|Any CPU
		{28D8D798-8EF9-48BC-9F10-6E7823343CC9}.Release|Any CPU.ActiveCfg = Release|Any CPU
		{28D8D798-8EF9-48BC-9F10-6E7823343CC9}.Release|Any CPU.Build.0 = Release|Any CPU
		{23988B46-8A81-4324-B1F8-0FD2F5EFDD24}.Debug|Any CPU.ActiveCfg = Debug|Any CPU
		{23988B46-8A81-4324-B1F8-0FD2F5EFDD24}.Debug|Any CPU.Build.0 = Debug|Any CPU
		{23988B46-8A81-4324-B1F8-0FD2F5EFDD24}.Release|Any CPU.ActiveCfg = Release|Any CPU
		{23988B46-8A81-4324-B1F8-0FD2F5EFDD24}.Release|Any CPU.Build.0 = Release|Any CPU
		{E6A712C9-78F1-4573-B3A4-318FA4A6BA0D}.Debug|Any CPU.ActiveCfg = Debug|Any CPU
		{E6A712C9-78F1-4573-B3A4-318FA4A6BA0D}.Debug|Any CPU.Build.0 = Debug|Any CPU
		{E6A712C9-78F1-4573-B3A4-318FA4A6BA0D}.Release|Any CPU.ActiveCfg = Release|Any CPU
		{E6A712C9-78F1-4573-B3A4-318FA4A6BA0D}.Release|Any CPU.Build.0 = Release|Any CPU
		{5030E6AA-4DDE-41EC-AE8A-609C2D7D5D37}.Debug|Any CPU.ActiveCfg = Debug|Any CPU
		{5030E6AA-4DDE-41EC-AE8A-609C2D7D5D37}.Debug|Any CPU.Build.0 = Debug|Any CPU
		{5030E6AA-4DDE-41EC-AE8A-609C2D7D5D37}.Release|Any CPU.ActiveCfg = Release|Any CPU
		{5030E6AA-4DDE-41EC-AE8A-609C2D7D5D37}.Release|Any CPU.Build.0 = Release|Any CPU
		{AFC440C0-68F0-447F-9C04-7614E6323B22}.Debug|Any CPU.ActiveCfg = Debug|Any CPU
		{AFC440C0-68F0-447F-9C04-7614E6323B22}.Debug|Any CPU.Build.0 = Debug|Any CPU
		{AFC440C0-68F0-447F-9C04-7614E6323B22}.Release|Any CPU.ActiveCfg = Release|Any CPU
		{AFC440C0-68F0-447F-9C04-7614E6323B22}.Release|Any CPU.Build.0 = Release|Any CPU
		{A3E8A724-1ACD-4C92-AC1E-91D4AFFD17FE}.Debug|Any CPU.ActiveCfg = Debug|Any CPU
		{A3E8A724-1ACD-4C92-AC1E-91D4AFFD17FE}.Debug|Any CPU.Build.0 = Debug|Any CPU
		{A3E8A724-1ACD-4C92-AC1E-91D4AFFD17FE}.Release|Any CPU.ActiveCfg = Release|Any CPU
		{A3E8A724-1ACD-4C92-AC1E-91D4AFFD17FE}.Release|Any CPU.Build.0 = Release|Any CPU
		{C78B5B26-4078-47FE-BCD1-CF6F9886A4FC}.Debug|Any CPU.ActiveCfg = Debug|Any CPU
		{C78B5B26-4078-47FE-BCD1-CF6F9886A4FC}.Debug|Any CPU.Build.0 = Debug|Any CPU
		{C78B5B26-4078-47FE-BCD1-CF6F9886A4FC}.Release|Any CPU.ActiveCfg = Release|Any CPU
		{C78B5B26-4078-47FE-BCD1-CF6F9886A4FC}.Release|Any CPU.Build.0 = Release|Any CPU
		{47A3C5B2-289D-41B9-8B73-F2C5995227A9}.Debug|Any CPU.ActiveCfg = Debug|Any CPU
		{47A3C5B2-289D-41B9-8B73-F2C5995227A9}.Debug|Any CPU.Build.0 = Debug|Any CPU
		{47A3C5B2-289D-41B9-8B73-F2C5995227A9}.Release|Any CPU.ActiveCfg = Release|Any CPU
		{47A3C5B2-289D-41B9-8B73-F2C5995227A9}.Release|Any CPU.Build.0 = Release|Any CPU
		{08FFD2CD-50C4-4B84-BA9E-27667677E20C}.Debug|Any CPU.ActiveCfg = Debug|Any CPU
		{08FFD2CD-50C4-4B84-BA9E-27667677E20C}.Debug|Any CPU.Build.0 = Debug|Any CPU
		{08FFD2CD-50C4-4B84-BA9E-27667677E20C}.Release|Any CPU.ActiveCfg = Release|Any CPU
		{08FFD2CD-50C4-4B84-BA9E-27667677E20C}.Release|Any CPU.Build.0 = Release|Any CPU
		{02819188-B172-400E-9DBA-9A7E5C4F6266}.Debug|Any CPU.ActiveCfg = Debug|Any CPU
		{02819188-B172-400E-9DBA-9A7E5C4F6266}.Debug|Any CPU.Build.0 = Debug|Any CPU
		{02819188-B172-400E-9DBA-9A7E5C4F6266}.Release|Any CPU.ActiveCfg = Release|Any CPU
		{02819188-B172-400E-9DBA-9A7E5C4F6266}.Release|Any CPU.Build.0 = Release|Any CPU
		{BE0E8F09-2A68-426E-B457-5AA929CD998F}.Debug|Any CPU.ActiveCfg = Debug|Any CPU
		{BE0E8F09-2A68-426E-B457-5AA929CD998F}.Debug|Any CPU.Build.0 = Debug|Any CPU
		{BE0E8F09-2A68-426E-B457-5AA929CD998F}.Release|Any CPU.ActiveCfg = Release|Any CPU
		{BE0E8F09-2A68-426E-B457-5AA929CD998F}.Release|Any CPU.Build.0 = Release|Any CPU
		{6B4B176C-58E3-4C66-96E2-91330192F238}.Debug|Any CPU.ActiveCfg = Debug|Any CPU
		{6B4B176C-58E3-4C66-96E2-91330192F238}.Debug|Any CPU.Build.0 = Debug|Any CPU
		{6B4B176C-58E3-4C66-96E2-91330192F238}.Release|Any CPU.ActiveCfg = Release|Any CPU
		{6B4B176C-58E3-4C66-96E2-91330192F238}.Release|Any CPU.Build.0 = Release|Any CPU
		{2228A223-02B8-472C-98BC-8F71E8F0F604}.Debug|Any CPU.ActiveCfg = Debug|Any CPU
		{2228A223-02B8-472C-98BC-8F71E8F0F604}.Debug|Any CPU.Build.0 = Debug|Any CPU
		{2228A223-02B8-472C-98BC-8F71E8F0F604}.Release|Any CPU.ActiveCfg = Release|Any CPU
		{2228A223-02B8-472C-98BC-8F71E8F0F604}.Release|Any CPU.Build.0 = Release|Any CPU
		{88F0B500-1119-4292-A721-15B13BB1A4BA}.Debug|Any CPU.ActiveCfg = Debug|Any CPU
		{88F0B500-1119-4292-A721-15B13BB1A4BA}.Debug|Any CPU.Build.0 = Debug|Any CPU
		{88F0B500-1119-4292-A721-15B13BB1A4BA}.Release|Any CPU.ActiveCfg = Release|Any CPU
		{88F0B500-1119-4292-A721-15B13BB1A4BA}.Release|Any CPU.Build.0 = Release|Any CPU
		{08346EF4-8525-4CE0-93C4-CCE510D27D88}.Debug|Any CPU.ActiveCfg = Debug|Any CPU
		{08346EF4-8525-4CE0-93C4-CCE510D27D88}.Debug|Any CPU.Build.0 = Debug|Any CPU
		{08346EF4-8525-4CE0-93C4-CCE510D27D88}.Release|Any CPU.ActiveCfg = Release|Any CPU
		{08346EF4-8525-4CE0-93C4-CCE510D27D88}.Release|Any CPU.Build.0 = Release|Any CPU
		{41948BD6-0CD9-4A2B-BAA3-02AD065AD52B}.Debug|Any CPU.ActiveCfg = Debug|Any CPU
		{41948BD6-0CD9-4A2B-BAA3-02AD065AD52B}.Debug|Any CPU.Build.0 = Debug|Any CPU
		{41948BD6-0CD9-4A2B-BAA3-02AD065AD52B}.Release|Any CPU.ActiveCfg = Release|Any CPU
		{41948BD6-0CD9-4A2B-BAA3-02AD065AD52B}.Release|Any CPU.Build.0 = Release|Any CPU
		{9595DED9-58C9-4732-87B1-891AFC2282B1}.Debug|Any CPU.ActiveCfg = Debug|Any CPU
		{9595DED9-58C9-4732-87B1-891AFC2282B1}.Debug|Any CPU.Build.0 = Debug|Any CPU
		{9595DED9-58C9-4732-87B1-891AFC2282B1}.Release|Any CPU.ActiveCfg = Release|Any CPU
		{9595DED9-58C9-4732-87B1-891AFC2282B1}.Release|Any CPU.Build.0 = Release|Any CPU
		{FE2B7AD8-4085-410A-8855-75F9FC650EFB}.Debug|Any CPU.ActiveCfg = Debug|Any CPU
		{FE2B7AD8-4085-410A-8855-75F9FC650EFB}.Debug|Any CPU.Build.0 = Debug|Any CPU
		{FE2B7AD8-4085-410A-8855-75F9FC650EFB}.Release|Any CPU.ActiveCfg = Release|Any CPU
		{FE2B7AD8-4085-410A-8855-75F9FC650EFB}.Release|Any CPU.Build.0 = Release|Any CPU
		{5EC22A63-BA3F-41A2-A70F-216B7E809390}.Debug|Any CPU.ActiveCfg = Debug|Any CPU
		{5EC22A63-BA3F-41A2-A70F-216B7E809390}.Debug|Any CPU.Build.0 = Debug|Any CPU
		{5EC22A63-BA3F-41A2-A70F-216B7E809390}.Release|Any CPU.ActiveCfg = Release|Any CPU
		{5EC22A63-BA3F-41A2-A70F-216B7E809390}.Release|Any CPU.Build.0 = Release|Any CPU
		{ADD09EC0-CED6-4C52-95B5-57101E0EA633}.Debug|Any CPU.ActiveCfg = Debug|Any CPU
		{ADD09EC0-CED6-4C52-95B5-57101E0EA633}.Debug|Any CPU.Build.0 = Debug|Any CPU
		{ADD09EC0-CED6-4C52-95B5-57101E0EA633}.Release|Any CPU.ActiveCfg = Release|Any CPU
		{ADD09EC0-CED6-4C52-95B5-57101E0EA633}.Release|Any CPU.Build.0 = Release|Any CPU
		{AE4DA150-F395-4E80-B1A2-2D0D4FDB89D8}.Debug|Any CPU.ActiveCfg = Debug|Any CPU
		{AE4DA150-F395-4E80-B1A2-2D0D4FDB89D8}.Debug|Any CPU.Build.0 = Debug|Any CPU
		{AE4DA150-F395-4E80-B1A2-2D0D4FDB89D8}.Release|Any CPU.ActiveCfg = Release|Any CPU
		{AE4DA150-F395-4E80-B1A2-2D0D4FDB89D8}.Release|Any CPU.Build.0 = Release|Any CPU
		{B9DD492A-58CC-4716-879F-725AE2218AB7}.Debug|Any CPU.ActiveCfg = Debug|Any CPU
		{B9DD492A-58CC-4716-879F-725AE2218AB7}.Debug|Any CPU.Build.0 = Debug|Any CPU
		{B9DD492A-58CC-4716-879F-725AE2218AB7}.Release|Any CPU.ActiveCfg = Release|Any CPU
		{B9DD492A-58CC-4716-879F-725AE2218AB7}.Release|Any CPU.Build.0 = Release|Any CPU
		{921B4212-E0C8-4422-A689-A19095BD5CDC}.Debug|Any CPU.ActiveCfg = Debug|Any CPU
		{921B4212-E0C8-4422-A689-A19095BD5CDC}.Debug|Any CPU.Build.0 = Debug|Any CPU
		{921B4212-E0C8-4422-A689-A19095BD5CDC}.Release|Any CPU.ActiveCfg = Release|Any CPU
		{921B4212-E0C8-4422-A689-A19095BD5CDC}.Release|Any CPU.Build.0 = Release|Any CPU
	EndGlobalSection
	GlobalSection(SolutionProperties) = preSolution
		HideSolutionNode = FALSE
	EndGlobalSection
	GlobalSection(NestedProjects) = preSolution
		{28D8D798-8EF9-48BC-9F10-6E7823343CC9} = {84F3857F-CE2C-4A87-ACB2-809570092CF6}
		{23988B46-8A81-4324-B1F8-0FD2F5EFDD24} = {A1366CA2-DF4A-4E38-BD6C-895A399118B4}
		{AFC440C0-68F0-447F-9C04-7614E6323B22} = {F9EA3679-8D3F-4DC2-B0A9-08801E02EE70}
		{C78B5B26-4078-47FE-BCD1-CF6F9886A4FC} = {5AD188EF-3F19-4527-816C-A361746EE9C2}
		{47A3C5B2-289D-41B9-8B73-F2C5995227A9} = {18A6F48C-BAC6-4D92-A9AD-764E4F8BEB82}
		{08FFD2CD-50C4-4B84-BA9E-27667677E20C} = {E74A349A-3D48-4345-80E7-FD4C462864F0}
		{02819188-B172-400E-9DBA-9A7E5C4F6266} = {E74A349A-3D48-4345-80E7-FD4C462864F0}
		{BE0E8F09-2A68-426E-B457-5AA929CD998F} = {E74A349A-3D48-4345-80E7-FD4C462864F0}
		{6B4B176C-58E3-4C66-96E2-91330192F238} = {E74A349A-3D48-4345-80E7-FD4C462864F0}
		{2228A223-02B8-472C-98BC-8F71E8F0F604} = {E74A349A-3D48-4345-80E7-FD4C462864F0}
		{88F0B500-1119-4292-A721-15B13BB1A4BA} = {A1366CA2-DF4A-4E38-BD6C-895A399118B4}
		{08346EF4-8525-4CE0-93C4-CCE510D27D88} = {84F3857F-CE2C-4A87-ACB2-809570092CF6}
		{9595DED9-58C9-4732-87B1-891AFC2282B1} = {E74A349A-3D48-4345-80E7-FD4C462864F0}
		{FE2B7AD8-4085-410A-8855-75F9FC650EFB} = {F9EA3679-8D3F-4DC2-B0A9-08801E02EE70}
		{5EC22A63-BA3F-41A2-A70F-216B7E809390} = {1EA2FA6D-0FEA-47D9-B8CE-EF31A1C54DCD}
		{A3E8A724-1ACD-4C92-AC1E-91D4AFFD17FE} = {1EA2FA6D-0FEA-47D9-B8CE-EF31A1C54DCD}
		{41948BD6-0CD9-4A2B-BAA3-02AD065AD52B} = {1EA2FA6D-0FEA-47D9-B8CE-EF31A1C54DCD}
		{5030E6AA-4DDE-41EC-AE8A-609C2D7D5D37} = {1EA2FA6D-0FEA-47D9-B8CE-EF31A1C54DCD}
		{ADD09EC0-CED6-4C52-95B5-57101E0EA633} = {1EA2FA6D-0FEA-47D9-B8CE-EF31A1C54DCD}
		{E6A712C9-78F1-4573-B3A4-318FA4A6BA0D} = {A1366CA2-DF4A-4E38-BD6C-895A399118B4}
		{AE4DA150-F395-4E80-B1A2-2D0D4FDB89D8} = {E74A349A-3D48-4345-80E7-FD4C462864F0}
		{B9DD492A-58CC-4716-879F-725AE2218AB7} = {E74A349A-3D48-4345-80E7-FD4C462864F0}
		{921B4212-E0C8-4422-A689-A19095BD5CDC} = {E74A349A-3D48-4345-80E7-FD4C462864F0}
	EndGlobalSection
	GlobalSection(ExtensibilityGlobals) = postSolution
		SolutionGuid = {16BCEC97-771D-46F8-BD02-379A8FC34CDD}
	EndGlobalSection
EndGlobal
